
Microsoft Visual Studio Solution File, Format Version 12.00
# Visual Studio Version 17
VisualStudioVersion = 17.0.31919.166
MinimumVisualStudioVersion = 10.0.40219.1
Project("{FAE04EC0-301F-11D3-BF4B-00C04F79EFBC}") = "MinimalAPI", "MinimalAPI.csproj", "{E8C9FD40-226D-481F-A7E9-E3FEBA20A972}"
EndProject
Global
	GlobalSection(SolutionConfigurationPlatforms) = preSolution
		Debug|Any CPU = Debug|Any CPU
		Release|Any CPU = Release|Any CPU
	EndGlobalSection
	GlobalSection(ProjectConfigurationPlatforms) = postSolution
		{E8C9FD40-226D-481F-A7E9-E3FEBA20A972}.Debug|Any CPU.ActiveCfg = Debug|Any CPU
		{E8C9FD40-226D-481F-A7E9-E3FEBA20A972}.Debug|Any CPU.Build.0 = Debug|Any CPU
		{E8C9FD40-226D-481F-A7E9-E3FEBA20A972}.Release|Any CPU.ActiveCfg = Release|Any CPU
		{E8C9FD40-226D-481F-A7E9-E3FEBA20A972}.Release|Any CPU.Build.0 = Release|Any CPU
	EndGlobalSection
	GlobalSection(SolutionProperties) = preSolution
		HideSolutionNode = FALSE
	EndGlobalSection
	GlobalSection(ExtensibilityGlobals) = postSolution
		SolutionGuid = {A044A485-41A4-4772-A6D6-5A926C2C09DE}
	EndGlobalSection
EndGlobal
